
Microsoft Visual Studio Solution File, Format Version 12.00
# Visual Studio Version 17
VisualStudioVersion = 17.0.31825.309
MinimumVisualStudioVersion = 10.0.40219.1
Project("{9A19103F-16F7-4668-BE54-9A1E7A4F7556}") = "DaprCounter", "DaprCounter\DaprCounter.csproj", "{6C08FBEE-1687-43DF-96AE-5C9B528EEB2D}"
EndProject
Project("{9A19103F-16F7-4668-BE54-9A1E7A4F7556}") = "ConsoleAppWithDI", "ConsoleAppWithDI\ConsoleAppWithDI.csproj", "{9EAB765E-8E5B-4872-B700-9CEEB6FFD8D8}"
EndProject
Project("{2150E333-8FDC-42A3-9474-1A3956D46DE8}") = "src-console", "src-console", "{26CDA16E-5044-432C-8DCC-2D2FF80023B0}"
EndProject
Project("{2150E333-8FDC-42A3-9474-1A3956D46DE8}") = "StoreExampleObjects", "StoreExampleObjects", "{D588EBFC-8940-4AA8-87C8-1DC8A8197966}"
	ProjectSection(SolutionItems) = preProject
		StoreExampleObjects\ComplexCounter = StoreExampleObjects\ComplexCounter
		StoreExampleObjects\counter = StoreExampleObjects\counter
	EndProjectSection
EndProject
Project("{2150E333-8FDC-42A3-9474-1A3956D46DE8}") = "Solution Items", "Solution Items", "{2C4E5B2A-12A1-46FD-B24A-36D020675F67}"
	ProjectSection(SolutionItems) = preProject
		README.md = README.md
	EndProjectSection
EndProject
Project("{9A19103F-16F7-4668-BE54-9A1E7A4F7556}") = "DaprCounterViaRedis", "DaprCounterViaRedis\DaprCounterViaRedis.csproj", "{E6709E1B-5FC6-4B6A-AD0F-ED1A927FFFC7}"
EndProject
Project("{2150E333-8FDC-42A3-9474-1A3956D46DE8}") = "src-client-server", "src-client-server", "{99E2B3DB-DAB7-4563-9C9C-A4425F7FCC11}"
EndProject
Project("{9A19103F-16F7-4668-BE54-9A1E7A4F7556}") = "MyBackend", "MyBackend\MyBackend.csproj", "{D050E841-06F3-44EA-891A-E899AD4851F1}"
EndProject
Project("{9A19103F-16F7-4668-BE54-9A1E7A4F7556}") = "ConsoleAppWithDI2", "ConsoleAppWithDI2\ConsoleAppWithDI2.csproj", "{2841BA8A-B20F-42CC-AC5C-92BB03E31906}"
EndProject
Project("{9A19103F-16F7-4668-BE54-9A1E7A4F7556}") = "SharedClassLibrary", "SharedClassLibrary\SharedClassLibrary.csproj", "{8BFEE8F9-3D3E-4FFE-ABDE-224909915D2F}"
EndProject
Project("{9A19103F-16F7-4668-BE54-9A1E7A4F7556}") = "DaprCounterWithSidekick", "DaprCounterWithSidekick\DaprCounterWithSidekick.csproj", "{851FC38F-EF97-469E-99EA-3F1282F27F6F}"
EndProject
Global
	GlobalSection(SolutionConfigurationPlatforms) = preSolution
		Debug|Any CPU = Debug|Any CPU
		Release|Any CPU = Release|Any CPU
	EndGlobalSection
	GlobalSection(ProjectConfigurationPlatforms) = postSolution
		{6C08FBEE-1687-43DF-96AE-5C9B528EEB2D}.Debug|Any CPU.ActiveCfg = Debug|Any CPU
		{6C08FBEE-1687-43DF-96AE-5C9B528EEB2D}.Debug|Any CPU.Build.0 = Debug|Any CPU
		{6C08FBEE-1687-43DF-96AE-5C9B528EEB2D}.Release|Any CPU.ActiveCfg = Release|Any CPU
		{6C08FBEE-1687-43DF-96AE-5C9B528EEB2D}.Release|Any CPU.Build.0 = Release|Any CPU
		{9EAB765E-8E5B-4872-B700-9CEEB6FFD8D8}.Debug|Any CPU.ActiveCfg = Debug|Any CPU
		{9EAB765E-8E5B-4872-B700-9CEEB6FFD8D8}.Debug|Any CPU.Build.0 = Debug|Any CPU
		{9EAB765E-8E5B-4872-B700-9CEEB6FFD8D8}.Release|Any CPU.ActiveCfg = Release|Any CPU
		{9EAB765E-8E5B-4872-B700-9CEEB6FFD8D8}.Release|Any CPU.Build.0 = Release|Any CPU
		{E6709E1B-5FC6-4B6A-AD0F-ED1A927FFFC7}.Debug|Any CPU.ActiveCfg = Debug|Any CPU
		{E6709E1B-5FC6-4B6A-AD0F-ED1A927FFFC7}.Debug|Any CPU.Build.0 = Debug|Any CPU
		{E6709E1B-5FC6-4B6A-AD0F-ED1A927FFFC7}.Release|Any CPU.ActiveCfg = Release|Any CPU
		{E6709E1B-5FC6-4B6A-AD0F-ED1A927FFFC7}.Release|Any CPU.Build.0 = Release|Any CPU
		{D050E841-06F3-44EA-891A-E899AD4851F1}.Debug|Any CPU.ActiveCfg = Debug|Any CPU
		{D050E841-06F3-44EA-891A-E899AD4851F1}.Debug|Any CPU.Build.0 = Debug|Any CPU
		{D050E841-06F3-44EA-891A-E899AD4851F1}.Release|Any CPU.ActiveCfg = Release|Any CPU
		{D050E841-06F3-44EA-891A-E899AD4851F1}.Release|Any CPU.Build.0 = Release|Any CPU
		{2841BA8A-B20F-42CC-AC5C-92BB03E31906}.Debug|Any CPU.ActiveCfg = Debug|Any CPU
		{2841BA8A-B20F-42CC-AC5C-92BB03E31906}.Debug|Any CPU.Build.0 = Debug|Any CPU
		{2841BA8A-B20F-42CC-AC5C-92BB03E31906}.Release|Any CPU.ActiveCfg = Release|Any CPU
		{2841BA8A-B20F-42CC-AC5C-92BB03E31906}.Release|Any CPU.Build.0 = Release|Any CPU
		{8BFEE8F9-3D3E-4FFE-ABDE-224909915D2F}.Debug|Any CPU.ActiveCfg = Debug|Any CPU
		{8BFEE8F9-3D3E-4FFE-ABDE-224909915D2F}.Debug|Any CPU.Build.0 = Debug|Any CPU
		{8BFEE8F9-3D3E-4FFE-ABDE-224909915D2F}.Release|Any CPU.ActiveCfg = Release|Any CPU
		{8BFEE8F9-3D3E-4FFE-ABDE-224909915D2F}.Release|Any CPU.Build.0 = Release|Any CPU
		{851FC38F-EF97-469E-99EA-3F1282F27F6F}.Debug|Any CPU.ActiveCfg = Debug|Any CPU
		{851FC38F-EF97-469E-99EA-3F1282F27F6F}.Debug|Any CPU.Build.0 = Debug|Any CPU
		{851FC38F-EF97-469E-99EA-3F1282F27F6F}.Release|Any CPU.ActiveCfg = Release|Any CPU
		{851FC38F-EF97-469E-99EA-3F1282F27F6F}.Release|Any CPU.Build.0 = Release|Any CPU
	EndGlobalSection
	GlobalSection(SolutionProperties) = preSolution
		HideSolutionNode = FALSE
	EndGlobalSection
	GlobalSection(NestedProjects) = preSolution
		{6C08FBEE-1687-43DF-96AE-5C9B528EEB2D} = {26CDA16E-5044-432C-8DCC-2D2FF80023B0}
		{9EAB765E-8E5B-4872-B700-9CEEB6FFD8D8} = {99E2B3DB-DAB7-4563-9C9C-A4425F7FCC11}
		{E6709E1B-5FC6-4B6A-AD0F-ED1A927FFFC7} = {26CDA16E-5044-432C-8DCC-2D2FF80023B0}
		{D050E841-06F3-44EA-891A-E899AD4851F1} = {99E2B3DB-DAB7-4563-9C9C-A4425F7FCC11}
		{2841BA8A-B20F-42CC-AC5C-92BB03E31906} = {99E2B3DB-DAB7-4563-9C9C-A4425F7FCC11}
		{8BFEE8F9-3D3E-4FFE-ABDE-224909915D2F} = {99E2B3DB-DAB7-4563-9C9C-A4425F7FCC11}
		{851FC38F-EF97-469E-99EA-3F1282F27F6F} = {26CDA16E-5044-432C-8DCC-2D2FF80023B0}
	EndGlobalSection
	GlobalSection(ExtensibilityGlobals) = postSolution
		SolutionGuid = {B6999CF9-AD15-4D51-B8DE-3B2162AE2FB9}
	EndGlobalSection
EndGlobal
